
Microsoft Visual Studio Solution File, Format Version 12.00
# Visual Studio Version 17
VisualStudioVersion = 17.14.36811.4 d17.14
MinimumVisualStudioVersion = 10.0.40219.1
Project("{FAE04EC0-301F-11D3-BF4B-00C04F79EFBC}") = "SalaryCalculator", "тек контроль\SalaryCalculator.csproj", "{59342EC1-960E-4FF0-A1E1-95D352DC254F}"
EndProject
Project("{FAE04EC0-301F-11D3-BF4B-00C04F79EFBC}") = "SalaryCalculator.Tests", "SalaryCalculator.Tests\SalaryCalculator.Tests.csproj", "{76995DDA-E7F7-44FB-A304-C6A2151D9377}"
EndProject
Global
	GlobalSection(SolutionConfigurationPlatforms) = preSolution
		Debug|Any CPU = Debug|Any CPU
		Release|Any CPU = Release|Any CPU
	EndGlobalSection
	GlobalSection(ProjectConfigurationPlatforms) = postSolution
		{59342EC1-960E-4FF0-A1E1-95D352DC254F}.Debug|Any CPU.ActiveCfg = Debug|Any CPU
		{59342EC1-960E-4FF0-A1E1-95D352DC254F}.Debug|Any CPU.Build.0 = Debug|Any CPU
		{59342EC1-960E-4FF0-A1E1-95D352DC254F}.Release|Any CPU.ActiveCfg = Release|Any CPU
		{59342EC1-960E-4FF0-A1E1-95D352DC254F}.Release|Any CPU.Build.0 = Release|Any CPU
		{76995DDA-E7F7-44FB-A304-C6A2151D9377}.Debug|Any CPU.ActiveCfg = Debug|Any CPU
		{76995DDA-E7F7-44FB-A304-C6A2151D9377}.Debug|Any CPU.Build.0 = Debug|Any CPU
		{76995DDA-E7F7-44FB-A304-C6A2151D9377}.Release|Any CPU.ActiveCfg = Release|Any CPU
		{76995DDA-E7F7-44FB-A304-C6A2151D9377}.Release|Any CPU.Build.0 = Release|Any CPU
	EndGlobalSection
	GlobalSection(SolutionProperties) = preSolution
		HideSolutionNode = FALSE
	EndGlobalSection
	GlobalSection(ExtensibilityGlobals) = postSolution
		SolutionGuid = {19713F22-9907-4D45-85A3-1C240881EA07}
	EndGlobalSection
EndGlobal
